
Microsoft Visual Studio Solution File, Format Version 12.00
# Visual Studio 2013
VisualStudioVersion = 12.0.40629.0
MinimumVisualStudioVersion = 10.0.40219.1
Project("{FAE04EC0-301F-11D3-BF4B-00C04F79EFBC}") = "Services.Contracts", "Domain\Services.Contracts.csproj", "{3DBA5A34-C847-48B3-8950-9DD5142A20B3}"
EndProject
Project("{FAE04EC0-301F-11D3-BF4B-00C04F79EFBC}") = "Worker.Core", "WorkerProject\Worker.Core.csproj", "{767983C6-274E-4EF2-8C38-597AC3EC33A6}"
EndProject
Project("{2150E333-8FDC-42A3-9474-1A3956D46DE8}") = "Solution Items", "Solution Items", "{DCF170C2-1D66-40A0-9345-2FE0E3E4ED1F}"
	ProjectSection(SolutionItems) = preProject
		Local.testsettings = Local.testsettings
	EndProjectSection
EndProject
Project("{2150E333-8FDC-42A3-9474-1A3956D46DE8}") = "Source", "Source", "{1786E151-EE20-409C-8519-C8E664C64D21}"
EndProject
Project("{2150E333-8FDC-42A3-9474-1A3956D46DE8}") = "Domain", "Domain", "{AFE49176-D4CB-4C38-89F2-698EB813BD73}"
EndProject
Project("{FAE04EC0-301F-11D3-BF4B-00C04F79EFBC}") = "Worker.Agenda", "Domain.Agenda\Worker.Agenda.csproj", "{FEF688AD-4300-40D4-9215-AF04FF6B129A}"
EndProject
Project("{FAE04EC0-301F-11D3-BF4B-00C04F79EFBC}") = "Domain.Core", "Domain.Core\Domain.Core.csproj", "{27512D90-8CAD-4EAB-9E1E-36CBBBF364A9}"
EndProject
Project("{2150E333-8FDC-42A3-9474-1A3956D46DE8}") = "Services", "Services", "{BC0A1E06-7B6E-4F82-85B7-54B234B2D11D}"
EndProject
Project("{2150E333-8FDC-42A3-9474-1A3956D46DE8}") = "Workers", "Workers", "{56D80B9C-FBBC-4333-99ED-203B1C521812}"
EndProject
Project("{FAE04EC0-301F-11D3-BF4B-00C04F79EFBC}") = "MailBox.Service", "Services.Implementation\MailBox.Service.csproj", "{0945945B-367F-4615-BFF5-620797119548}"
EndProject
Project("{2150E333-8FDC-42A3-9474-1A3956D46DE8}") = "Tests", "Tests", "{D248392D-0057-43CD-9AA6-A2F658CBC998}"
EndProject
Project("{FAE04EC0-301F-11D3-BF4B-00C04F79EFBC}") = "HashAndSignXmlTests", "SignXMLTest\HashAndSignXmlTests.csproj", "{B8C9BE3C-9202-464E-9DFD-3750FE62F394}"
EndProject
Project("{2150E333-8FDC-42A3-9474-1A3956D46DE8}") = "Infrasctructure", "Infrasctructure", "{8D976C64-4C0D-47D1-BFE3-A602496FD37C}"
EndProject
Project("{FAE04EC0-301F-11D3-BF4B-00C04F79EFBC}") = "Security.Component", "Hemovida.Security\Security.Component.csproj", "{46ECB0B4-BC6A-4B1F-8576-073C1A8D5E16}"
EndProject
Project("{FAE04EC0-301F-11D3-BF4B-00C04F79EFBC}") = "XMLTools", "Hemovida.XMLTools\XMLTools.csproj", "{CD512BE3-A8BD-4478-9928-0E4F18586D58}"
EndProject
Project("{2150E333-8FDC-42A3-9474-1A3956D46DE8}") = "HashAndSignXmlTests", "HashAndSignXmlTests", "{F44BED32-9888-4015-B669-CF1F1E677FEF}"
EndProject
Project("{FAE04EC0-301F-11D3-BF4B-00C04F79EFBC}") = "HealthChecker.Component", "Hemovida.HealthChecker\HealthChecker.Component.csproj", "{ECF813E7-3675-4998-BA32-F58D6EBF5394}"
EndProject
Project("{2150E333-8FDC-42A3-9474-1A3956D46DE8}") = "Repositories", "Repositories", "{2C16D96D-9EAB-44CA-9CC4-2CAC9BD5DB47}"
EndProject
Project("{FAE04EC0-301F-11D3-BF4B-00C04F79EFBC}") = "HeartBeatAndHealthCheckerTests", "NHibernateTest1\HeartBeatAndHealthCheckerTests.csproj", "{7EC0D12D-019A-4A56-81ED-82B18D4705D9}"
EndProject
Project("{FAE04EC0-301F-11D3-BF4B-00C04F79EFBC}") = "Repository.NHibernate", "Data\Repository.NHibernate.csproj", "{42E11A39-2ABE-4AC3-8E3D-723A9FA94C46}"
EndProject
Project("{2150E333-8FDC-42A3-9474-1A3956D46DE8}") = "Components", "Components", "{1D5A6A95-C3B1-47E1-9222-40194B4A79CC}"
EndProject
Project("{2150E333-8FDC-42A3-9474-1A3956D46DE8}") = "Services", "Services", "{5D1BE85D-D31F-43D6-8EDF-D64F1E5E4637}"
EndProject
Project("{2150E333-8FDC-42A3-9474-1A3956D46DE8}") = "Core", "Core", "{6AC365B5-31E0-495B-9F80-8BB8F765E687}"
EndProject
Project("{2150E333-8FDC-42A3-9474-1A3956D46DE8}") = "Components", "Components", "{B93AE1D4-CA89-4E4F-83B0-020E705104FA}"
EndProject
Project("{2150E333-8FDC-42A3-9474-1A3956D46DE8}") = "Application", "Application", "{FE2E3762-9BC0-4656-8490-C0623AA9DFDE}"
EndProject
Project("{FAE04EC0-301F-11D3-BF4B-00C04F79EFBC}") = "HealthChecker.Core", "Domain.HealthChecker\HealthChecker.Core.csproj", "{982FBCB5-FAB6-4269-A525-02C298B72C7B}"
EndProject
Project("{2150E333-8FDC-42A3-9474-1A3956D46DE8}") = "Tools", "Tools", "{E83C7EF7-9520-4835-A59E-7CC5A11F50C9}"
EndProject
Project("{FAE04EC0-301F-11D3-BF4B-00C04F79EFBC}") = "HeartBeat.Core", "HeartBeat.Core\HeartBeat.Core.csproj", "{45F87262-45EF-42FB-AAE0-F229AE6CC574}"
EndProject
Project("{FAE04EC0-301F-11D3-BF4B-00C04F79EFBC}") = "HeartBeat.Component", "HeartBeat.Component\HeartBeat.Component.csproj", "{670B9AE7-6E01-4D99-89E3-CDFCA31CCC94}"
EndProject
Project("{2150E333-8FDC-42A3-9474-1A3956D46DE8}") = "WCF", "WCF", "{10854FE3-2B36-4E43-BB85-E0D8E90171FA}"
EndProject
Project("{2150E333-8FDC-42A3-9474-1A3956D46DE8}") = "WS", "WS", "{768CA397-E296-4DB8-932E-52A9A2DE204C}"
EndProject
Project("{2150E333-8FDC-42A3-9474-1A3956D46DE8}") = "WebApi", "WebApi", "{5CDA309D-65F3-4729-8EA5-7005F3A4C3C0}"
EndProject
Project("{2150E333-8FDC-42A3-9474-1A3956D46DE8}") = "Web", "Web", "{B641B2E5-A32D-4E4B-A888-7B31A7121276}"
EndProject
Project("{2150E333-8FDC-42A3-9474-1A3956D46DE8}") = "TCP", "TCP", "{00237EA8-1070-43FE-BEFE-DE944C280016}"
EndProject
Project("{2150E333-8FDC-42A3-9474-1A3956D46DE8}") = "DIContainer", "DIContainer", "{54B45473-A079-40CA-8785-20B46C4FDD65}"
EndProject
Project("{FAE04EC0-301F-11D3-BF4B-00C04F79EFBC}") = "DIContainer.DryIoC", "DIContainer.DryIoC\DIContainer.DryIoC.csproj", "{B93BD5FD-6021-4BE2-859D-931CA2B4E78D}"
EndProject
Project("{2150E333-8FDC-42A3-9474-1A3956D46DE8}") = ".nuget", ".nuget", "{93EA6AC0-9BF2-4D8D-A4D4-8537C3DA79FC}"
	ProjectSection(SolutionItems) = preProject
		.nuget\packages.config = .nuget\packages.config
	EndProjectSection
EndProject
Project("{FAE04EC0-301F-11D3-BF4B-00C04F79EFBC}") = "DIContainer.Ninject", "DIContainer.Ninject\DIContainer.Ninject.csproj", "{800AF501-31DF-4752-B39E-F8BD8795C2B9}"
EndProject
Project("{2150E333-8FDC-42A3-9474-1A3956D46DE8}") = "HeartBeatAndHealthCheckerTests", "HeartBeatAndHealthCheckerTests", "{0133E31D-068B-4C41-BAAC-4A89F7E193BE}"
EndProject
Project("{2150E333-8FDC-42A3-9474-1A3956D46DE8}") = "SQL Scripts", "SQL Scripts", "{EA67E9BC-5FD4-45DD-8EF2-A0E69C275A01}"
	ProjectSection(SolutionItems) = preProject
		DataBase_Scripts.sql = DataBase_Scripts.sql
	EndProjectSection
EndProject
Project("{2150E333-8FDC-42A3-9474-1A3956D46DE8}") = "NHibernate", "NHibernate", "{38354467-2E16-4605-9D54-21EF7C600EEF}"
EndProject
Project("{2150E333-8FDC-42A3-9474-1A3956D46DE8}") = "DryIoC", "DryIoC", "{23B5BE95-931F-4C7E-B98B-295460FCDCEB}"
EndProject
Project("{2150E333-8FDC-42A3-9474-1A3956D46DE8}") = "Ninject", "Ninject", "{A9DD3563-41AB-4D4A-AF38-94FC3F67695C}"
EndProject
Project("{2150E333-8FDC-42A3-9474-1A3956D46DE8}") = "WCF", "WCF", "{98123497-4331-444A-9B5E-0267005F4706}"
EndProject
Project("{CC5FD16D-436D-48AD-A40C-5A424C6E3E79}") = "Services.Agenda", "Services.Agenda\Services.Agenda.ccproj", "{3859660D-C405-4A9D-A380-1BF68898FE59}"
EndProject
Project("{FAE04EC0-301F-11D3-BF4B-00C04F79EFBC}") = "WCFServices.Agenda", "WCFServiceWebRole1\WCFServices.Agenda.csproj", "{CE052296-FA77-48CF-89B1-D5697215B4AB}"
EndProject
Project("{2150E333-8FDC-42A3-9474-1A3956D46DE8}") = "Repositories", "Repositories", "{A2B81835-46CB-45E5-AAAC-3DE0DD2CD102}"
EndProject
Project("{2150E333-8FDC-42A3-9474-1A3956D46DE8}") = "JMeter", "JMeter", "{35AFAD35-27BB-4147-9EAA-59448A5A9D7D}"
EndProject
Project("{2150E333-8FDC-42A3-9474-1A3956D46DE8}") = "GetLaboratoriosResult", "GetLaboratoriosResult", "{44475BB3-C7BC-4C9A-AA22-469C5D835481}"
	ProjectSection(SolutionItems) = preProject
		JMeter\GetLaboratorios-u1-i1 = JMeter\GetLaboratorios-u1-i1
		JMeter\GetLaboratorios-u100-i1 = JMeter\GetLaboratorios-u100-i1
		JMeter\GetLaboratorios-u1000-i1 = JMeter\GetLaboratorios-u1000-i1
		JMeter\GetLaboratorios-u300-i1 = JMeter\GetLaboratorios-u300-i1
		JMeter\GetLaboratorios-u500-i1 = JMeter\GetLaboratorios-u500-i1
	EndProjectSection
EndProject
Project("{2150E333-8FDC-42A3-9474-1A3956D46DE8}") = "GetLaboratorioResult", "GetLaboratorioResult", "{69E10F98-F543-4532-A60C-73F08B8E8A48}"
	ProjectSection(SolutionItems) = preProject
		JMeter\GetLaboratorio-1000u-1i = JMeter\GetLaboratorio-1000u-1i
		JMeter\GetLaboratorio-100u-1i = JMeter\GetLaboratorio-100u-1i
		JMeter\GetLaboratorio-1u-1i = JMeter\GetLaboratorio-1u-1i
		JMeter\GetLaboratorio-300u-1i = JMeter\GetLaboratorio-300u-1i
		JMeter\GetLaboratorio-500u-1i = JMeter\GetLaboratorio-500u-1i
	EndProjectSection
EndProject
Project("{2150E333-8FDC-42A3-9474-1A3956D46DE8}") = "Setup", "Setup", "{4C419444-BB56-4C56-9057-635E25BFA89C}"
	ProjectSection(SolutionItems) = preProject
		JMeter\Hemovida-AgendaServiceWCFTestConfig.jmx = JMeter\Hemovida-AgendaServiceWCFTestConfig.jmx
	EndProjectSection
EndProject
Project("{2150E333-8FDC-42A3-9474-1A3956D46DE8}") = "LoadTests", "LoadTests", "{F0858D2E-6FA6-4B36-9586-43795B2A94C3}"
EndProject
Project("{2150E333-8FDC-42A3-9474-1A3956D46DE8}") = "IntegrationTests", "IntegrationTests", "{29BAB604-FBD2-4BD2-8198-DF1FFFAC17E6}"
EndProject
Project("{2150E333-8FDC-42A3-9474-1A3956D46DE8}") = "UnitTests", "UnitTests", "{7DBF3F4E-E655-4C1E-B219-7E0B667E16E7}"
EndProject
Project("{2150E333-8FDC-42A3-9474-1A3956D46DE8}") = "Validators", "Validators", "{5167624F-ED5F-4F15-9423-520859F6F917}"
EndProject
Global
	GlobalSection(SolutionConfigurationPlatforms) = preSolution
		Debug|Any CPU = Debug|Any CPU
		Release|Any CPU = Release|Any CPU
	EndGlobalSection
	GlobalSection(ProjectConfigurationPlatforms) = postSolution
		{3DBA5A34-C847-48B3-8950-9DD5142A20B3}.Debug|Any CPU.ActiveCfg = Debug|Any CPU
		{3DBA5A34-C847-48B3-8950-9DD5142A20B3}.Debug|Any CPU.Build.0 = Debug|Any CPU
		{3DBA5A34-C847-48B3-8950-9DD5142A20B3}.Release|Any CPU.ActiveCfg = Release|Any CPU
		{3DBA5A34-C847-48B3-8950-9DD5142A20B3}.Release|Any CPU.Build.0 = Release|Any CPU
		{767983C6-274E-4EF2-8C38-597AC3EC33A6}.Debug|Any CPU.ActiveCfg = Debug|Any CPU
		{767983C6-274E-4EF2-8C38-597AC3EC33A6}.Debug|Any CPU.Build.0 = Debug|Any CPU
		{767983C6-274E-4EF2-8C38-597AC3EC33A6}.Release|Any CPU.ActiveCfg = Release|Any CPU
		{767983C6-274E-4EF2-8C38-597AC3EC33A6}.Release|Any CPU.Build.0 = Release|Any CPU
		{FEF688AD-4300-40D4-9215-AF04FF6B129A}.Debug|Any CPU.ActiveCfg = Debug|Any CPU
		{FEF688AD-4300-40D4-9215-AF04FF6B129A}.Debug|Any CPU.Build.0 = Debug|Any CPU
		{FEF688AD-4300-40D4-9215-AF04FF6B129A}.Release|Any CPU.ActiveCfg = Release|Any CPU
		{FEF688AD-4300-40D4-9215-AF04FF6B129A}.Release|Any CPU.Build.0 = Release|Any CPU
		{27512D90-8CAD-4EAB-9E1E-36CBBBF364A9}.Debug|Any CPU.ActiveCfg = Debug|Any CPU
		{27512D90-8CAD-4EAB-9E1E-36CBBBF364A9}.Debug|Any CPU.Build.0 = Debug|Any CPU
		{27512D90-8CAD-4EAB-9E1E-36CBBBF364A9}.Release|Any CPU.ActiveCfg = Release|Any CPU
		{27512D90-8CAD-4EAB-9E1E-36CBBBF364A9}.Release|Any CPU.Build.0 = Release|Any CPU
		{0945945B-367F-4615-BFF5-620797119548}.Debug|Any CPU.ActiveCfg = Debug|Any CPU
		{0945945B-367F-4615-BFF5-620797119548}.Debug|Any CPU.Build.0 = Debug|Any CPU
		{0945945B-367F-4615-BFF5-620797119548}.Release|Any CPU.ActiveCfg = Release|Any CPU
		{0945945B-367F-4615-BFF5-620797119548}.Release|Any CPU.Build.0 = Release|Any CPU
		{B8C9BE3C-9202-464E-9DFD-3750FE62F394}.Debug|Any CPU.ActiveCfg = Debug|Any CPU
		{B8C9BE3C-9202-464E-9DFD-3750FE62F394}.Debug|Any CPU.Build.0 = Debug|Any CPU
		{B8C9BE3C-9202-464E-9DFD-3750FE62F394}.Release|Any CPU.ActiveCfg = Release|Any CPU
		{B8C9BE3C-9202-464E-9DFD-3750FE62F394}.Release|Any CPU.Build.0 = Release|Any CPU
		{46ECB0B4-BC6A-4B1F-8576-073C1A8D5E16}.Debug|Any CPU.ActiveCfg = Debug|Any CPU
		{46ECB0B4-BC6A-4B1F-8576-073C1A8D5E16}.Debug|Any CPU.Build.0 = Debug|Any CPU
		{46ECB0B4-BC6A-4B1F-8576-073C1A8D5E16}.Release|Any CPU.ActiveCfg = Release|Any CPU
		{46ECB0B4-BC6A-4B1F-8576-073C1A8D5E16}.Release|Any CPU.Build.0 = Release|Any CPU
		{CD512BE3-A8BD-4478-9928-0E4F18586D58}.Debug|Any CPU.ActiveCfg = Debug|Any CPU
		{CD512BE3-A8BD-4478-9928-0E4F18586D58}.Debug|Any CPU.Build.0 = Debug|Any CPU
		{CD512BE3-A8BD-4478-9928-0E4F18586D58}.Release|Any CPU.ActiveCfg = Release|Any CPU
		{CD512BE3-A8BD-4478-9928-0E4F18586D58}.Release|Any CPU.Build.0 = Release|Any CPU
		{ECF813E7-3675-4998-BA32-F58D6EBF5394}.Debug|Any CPU.ActiveCfg = Debug|Any CPU
		{ECF813E7-3675-4998-BA32-F58D6EBF5394}.Debug|Any CPU.Build.0 = Debug|Any CPU
		{ECF813E7-3675-4998-BA32-F58D6EBF5394}.Release|Any CPU.ActiveCfg = Release|Any CPU
		{ECF813E7-3675-4998-BA32-F58D6EBF5394}.Release|Any CPU.Build.0 = Release|Any CPU
		{7EC0D12D-019A-4A56-81ED-82B18D4705D9}.Debug|Any CPU.ActiveCfg = Debug|Any CPU
		{7EC0D12D-019A-4A56-81ED-82B18D4705D9}.Debug|Any CPU.Build.0 = Debug|Any CPU
		{7EC0D12D-019A-4A56-81ED-82B18D4705D9}.Release|Any CPU.ActiveCfg = Release|Any CPU
		{7EC0D12D-019A-4A56-81ED-82B18D4705D9}.Release|Any CPU.Build.0 = Release|Any CPU
		{42E11A39-2ABE-4AC3-8E3D-723A9FA94C46}.Debug|Any CPU.ActiveCfg = Debug|Any CPU
		{42E11A39-2ABE-4AC3-8E3D-723A9FA94C46}.Debug|Any CPU.Build.0 = Debug|Any CPU
		{42E11A39-2ABE-4AC3-8E3D-723A9FA94C46}.Release|Any CPU.ActiveCfg = Release|Any CPU
		{42E11A39-2ABE-4AC3-8E3D-723A9FA94C46}.Release|Any CPU.Build.0 = Release|Any CPU
		{982FBCB5-FAB6-4269-A525-02C298B72C7B}.Debug|Any CPU.ActiveCfg = Debug|Any CPU
		{982FBCB5-FAB6-4269-A525-02C298B72C7B}.Debug|Any CPU.Build.0 = Debug|Any CPU
		{982FBCB5-FAB6-4269-A525-02C298B72C7B}.Release|Any CPU.ActiveCfg = Release|Any CPU
		{982FBCB5-FAB6-4269-A525-02C298B72C7B}.Release|Any CPU.Build.0 = Release|Any CPU
		{45F87262-45EF-42FB-AAE0-F229AE6CC574}.Debug|Any CPU.ActiveCfg = Debug|Any CPU
		{45F87262-45EF-42FB-AAE0-F229AE6CC574}.Debug|Any CPU.Build.0 = Debug|Any CPU
		{45F87262-45EF-42FB-AAE0-F229AE6CC574}.Release|Any CPU.ActiveCfg = Release|Any CPU
		{45F87262-45EF-42FB-AAE0-F229AE6CC574}.Release|Any CPU.Build.0 = Release|Any CPU
		{670B9AE7-6E01-4D99-89E3-CDFCA31CCC94}.Debug|Any CPU.ActiveCfg = Debug|Any CPU
		{670B9AE7-6E01-4D99-89E3-CDFCA31CCC94}.Debug|Any CPU.Build.0 = Debug|Any CPU
		{670B9AE7-6E01-4D99-89E3-CDFCA31CCC94}.Release|Any CPU.ActiveCfg = Release|Any CPU
		{670B9AE7-6E01-4D99-89E3-CDFCA31CCC94}.Release|Any CPU.Build.0 = Release|Any CPU
		{B93BD5FD-6021-4BE2-859D-931CA2B4E78D}.Debug|Any CPU.ActiveCfg = Debug|Any CPU
		{B93BD5FD-6021-4BE2-859D-931CA2B4E78D}.Debug|Any CPU.Build.0 = Debug|Any CPU
		{B93BD5FD-6021-4BE2-859D-931CA2B4E78D}.Release|Any CPU.ActiveCfg = Release|Any CPU
		{B93BD5FD-6021-4BE2-859D-931CA2B4E78D}.Release|Any CPU.Build.0 = Release|Any CPU
		{800AF501-31DF-4752-B39E-F8BD8795C2B9}.Debug|Any CPU.ActiveCfg = Debug|Any CPU
		{800AF501-31DF-4752-B39E-F8BD8795C2B9}.Debug|Any CPU.Build.0 = Debug|Any CPU
		{800AF501-31DF-4752-B39E-F8BD8795C2B9}.Release|Any CPU.ActiveCfg = Release|Any CPU
		{800AF501-31DF-4752-B39E-F8BD8795C2B9}.Release|Any CPU.Build.0 = Release|Any CPU
		{3859660D-C405-4A9D-A380-1BF68898FE59}.Debug|Any CPU.ActiveCfg = Debug|Any CPU
		{3859660D-C405-4A9D-A380-1BF68898FE59}.Debug|Any CPU.Build.0 = Debug|Any CPU
		{3859660D-C405-4A9D-A380-1BF68898FE59}.Release|Any CPU.ActiveCfg = Release|Any CPU
		{3859660D-C405-4A9D-A380-1BF68898FE59}.Release|Any CPU.Build.0 = Release|Any CPU
		{CE052296-FA77-48CF-89B1-D5697215B4AB}.Debug|Any CPU.ActiveCfg = Debug|Any CPU
		{CE052296-FA77-48CF-89B1-D5697215B4AB}.Debug|Any CPU.Build.0 = Debug|Any CPU
		{CE052296-FA77-48CF-89B1-D5697215B4AB}.Release|Any CPU.ActiveCfg = Release|Any CPU
		{CE052296-FA77-48CF-89B1-D5697215B4AB}.Release|Any CPU.Build.0 = Release|Any CPU
	EndGlobalSection
	GlobalSection(SolutionProperties) = preSolution
		HideSolutionNode = FALSE
	EndGlobalSection
	GlobalSection(NestedProjects) = preSolution
		{3DBA5A34-C847-48B3-8950-9DD5142A20B3} = {5D1BE85D-D31F-43D6-8EDF-D64F1E5E4637}
		{767983C6-274E-4EF2-8C38-597AC3EC33A6} = {B93AE1D4-CA89-4E4F-83B0-020E705104FA}
		{AFE49176-D4CB-4C38-89F2-698EB813BD73} = {6AC365B5-31E0-495B-9F80-8BB8F765E687}
		{FEF688AD-4300-40D4-9215-AF04FF6B129A} = {56D80B9C-FBBC-4333-99ED-203B1C521812}
		{27512D90-8CAD-4EAB-9E1E-36CBBBF364A9} = {AFE49176-D4CB-4C38-89F2-698EB813BD73}
		{BC0A1E06-7B6E-4F82-85B7-54B234B2D11D} = {FE2E3762-9BC0-4656-8490-C0623AA9DFDE}
		{56D80B9C-FBBC-4333-99ED-203B1C521812} = {FE2E3762-9BC0-4656-8490-C0623AA9DFDE}
		{0945945B-367F-4615-BFF5-620797119548} = {10854FE3-2B36-4E43-BB85-E0D8E90171FA}
		{D248392D-0057-43CD-9AA6-A2F658CBC998} = {1786E151-EE20-409C-8519-C8E664C64D21}
		{B8C9BE3C-9202-464E-9DFD-3750FE62F394} = {F44BED32-9888-4015-B669-CF1F1E677FEF}
		{8D976C64-4C0D-47D1-BFE3-A602496FD37C} = {1786E151-EE20-409C-8519-C8E664C64D21}
		{46ECB0B4-BC6A-4B1F-8576-073C1A8D5E16} = {1D5A6A95-C3B1-47E1-9222-40194B4A79CC}
		{CD512BE3-A8BD-4478-9928-0E4F18586D58} = {E83C7EF7-9520-4835-A59E-7CC5A11F50C9}
		{F44BED32-9888-4015-B669-CF1F1E677FEF} = {7DBF3F4E-E655-4C1E-B219-7E0B667E16E7}
		{ECF813E7-3675-4998-BA32-F58D6EBF5394} = {1D5A6A95-C3B1-47E1-9222-40194B4A79CC}
		{2C16D96D-9EAB-44CA-9CC4-2CAC9BD5DB47} = {8D976C64-4C0D-47D1-BFE3-A602496FD37C}
		{7EC0D12D-019A-4A56-81ED-82B18D4705D9} = {0133E31D-068B-4C41-BAAC-4A89F7E193BE}
		{42E11A39-2ABE-4AC3-8E3D-723A9FA94C46} = {38354467-2E16-4605-9D54-21EF7C600EEF}
		{1D5A6A95-C3B1-47E1-9222-40194B4A79CC} = {8D976C64-4C0D-47D1-BFE3-A602496FD37C}
		{5D1BE85D-D31F-43D6-8EDF-D64F1E5E4637} = {6AC365B5-31E0-495B-9F80-8BB8F765E687}
		{6AC365B5-31E0-495B-9F80-8BB8F765E687} = {1786E151-EE20-409C-8519-C8E664C64D21}
		{B93AE1D4-CA89-4E4F-83B0-020E705104FA} = {6AC365B5-31E0-495B-9F80-8BB8F765E687}
		{FE2E3762-9BC0-4656-8490-C0623AA9DFDE} = {1786E151-EE20-409C-8519-C8E664C64D21}
		{982FBCB5-FAB6-4269-A525-02C298B72C7B} = {B93AE1D4-CA89-4E4F-83B0-020E705104FA}
		{E83C7EF7-9520-4835-A59E-7CC5A11F50C9} = {8D976C64-4C0D-47D1-BFE3-A602496FD37C}
		{45F87262-45EF-42FB-AAE0-F229AE6CC574} = {B93AE1D4-CA89-4E4F-83B0-020E705104FA}
		{670B9AE7-6E01-4D99-89E3-CDFCA31CCC94} = {1D5A6A95-C3B1-47E1-9222-40194B4A79CC}
		{10854FE3-2B36-4E43-BB85-E0D8E90171FA} = {00237EA8-1070-43FE-BEFE-DE944C280016}
		{768CA397-E296-4DB8-932E-52A9A2DE204C} = {B641B2E5-A32D-4E4B-A888-7B31A7121276}
		{5CDA309D-65F3-4729-8EA5-7005F3A4C3C0} = {B641B2E5-A32D-4E4B-A888-7B31A7121276}
		{B641B2E5-A32D-4E4B-A888-7B31A7121276} = {BC0A1E06-7B6E-4F82-85B7-54B234B2D11D}
		{00237EA8-1070-43FE-BEFE-DE944C280016} = {BC0A1E06-7B6E-4F82-85B7-54B234B2D11D}
		{54B45473-A079-40CA-8785-20B46C4FDD65} = {8D976C64-4C0D-47D1-BFE3-A602496FD37C}
		{B93BD5FD-6021-4BE2-859D-931CA2B4E78D} = {23B5BE95-931F-4C7E-B98B-295460FCDCEB}
		{800AF501-31DF-4752-B39E-F8BD8795C2B9} = {A9DD3563-41AB-4D4A-AF38-94FC3F67695C}
		{0133E31D-068B-4C41-BAAC-4A89F7E193BE} = {29BAB604-FBD2-4BD2-8198-DF1FFFAC17E6}
		{EA67E9BC-5FD4-45DD-8EF2-A0E69C275A01} = {2C16D96D-9EAB-44CA-9CC4-2CAC9BD5DB47}
		{38354467-2E16-4605-9D54-21EF7C600EEF} = {2C16D96D-9EAB-44CA-9CC4-2CAC9BD5DB47}
		{23B5BE95-931F-4C7E-B98B-295460FCDCEB} = {54B45473-A079-40CA-8785-20B46C4FDD65}
		{A9DD3563-41AB-4D4A-AF38-94FC3F67695C} = {54B45473-A079-40CA-8785-20B46C4FDD65}
		{98123497-4331-444A-9B5E-0267005F4706} = {B641B2E5-A32D-4E4B-A888-7B31A7121276}
		{3859660D-C405-4A9D-A380-1BF68898FE59} = {98123497-4331-444A-9B5E-0267005F4706}
		{CE052296-FA77-48CF-89B1-D5697215B4AB} = {98123497-4331-444A-9B5E-0267005F4706}
		{A2B81835-46CB-45E5-AAAC-3DE0DD2CD102} = {6AC365B5-31E0-495B-9F80-8BB8F765E687}
		{35AFAD35-27BB-4147-9EAA-59448A5A9D7D} = {F0858D2E-6FA6-4B36-9586-43795B2A94C3}
		{44475BB3-C7BC-4C9A-AA22-469C5D835481} = {35AFAD35-27BB-4147-9EAA-59448A5A9D7D}
		{69E10F98-F543-4532-A60C-73F08B8E8A48} = {35AFAD35-27BB-4147-9EAA-59448A5A9D7D}
		{4C419444-BB56-4C56-9057-635E25BFA89C} = {35AFAD35-27BB-4147-9EAA-59448A5A9D7D}
		{F0858D2E-6FA6-4B36-9586-43795B2A94C3} = {D248392D-0057-43CD-9AA6-A2F658CBC998}
		{29BAB604-FBD2-4BD2-8198-DF1FFFAC17E6} = {D248392D-0057-43CD-9AA6-A2F658CBC998}
		{7DBF3F4E-E655-4C1E-B219-7E0B667E16E7} = {D248392D-0057-43CD-9AA6-A2F658CBC998}
		{5167624F-ED5F-4F15-9423-520859F6F917} = {6AC365B5-31E0-495B-9F80-8BB8F765E687}
	EndGlobalSection
EndGlobal
